
Microsoft Visual Studio Solution File, Format Version 12.00
# Visual Studio Version 16
VisualStudioVersion = 16.0.29102.190
MinimumVisualStudioVersion = 10.0.40219.1
Project("{2150E333-8FDC-42A3-9474-1A3956D46DE8}") = "src", "src", "{CDC9BEC9-D039-401E-9286-CEED50AE5804}"
EndProject
Project("{2150E333-8FDC-42A3-9474-1A3956D46DE8}") = "test", "test", "{A154A998-8A1B-438B-9A71-EF0621DA33E1}"
EndProject
Project("{9A19103F-16F7-4668-BE54-9A1E7A4F7556}") = "ObjectDesign", "src\ObjectDesign\ObjectDesign.csproj", "{47D85355-5A93-4628-838B-304C20AA7470}"
EndProject
Project("{9A19103F-16F7-4668-BE54-9A1E7A4F7556}") = "ObjectDesign.Tests", "test\ObjectDesign.Tests\ObjectDesign.Tests.csproj", "{D0F96D7D-1BCF-4307-84BB-C7E5D9F37EF7}"
EndProject
Global
	GlobalSection(SolutionConfigurationPlatforms) = preSolution
		Debug|Any CPU = Debug|Any CPU
		Release|Any CPU = Release|Any CPU
	EndGlobalSection
	GlobalSection(ProjectConfigurationPlatforms) = postSolution
		{47D85355-5A93-4628-838B-304C20AA7470}.Debug|Any CPU.ActiveCfg = Debug|Any CPU
		{47D85355-5A93-4628-838B-304C20AA7470}.Debug|Any CPU.Build.0 = Debug|Any CPU
		{47D85355-5A93-4628-838B-304C20AA7470}.Release|Any CPU.ActiveCfg = Release|Any CPU
		{47D85355-5A93-4628-838B-304C20AA7470}.Release|Any CPU.Build.0 = Release|Any CPU
		{D0F96D7D-1BCF-4307-84BB-C7E5D9F37EF7}.Debug|Any CPU.ActiveCfg = Debug|Any CPU
		{D0F96D7D-1BCF-4307-84BB-C7E5D9F37EF7}.Debug|Any CPU.Build.0 = Debug|Any CPU
		{D0F96D7D-1BCF-4307-84BB-C7E5D9F37EF7}.Release|Any CPU.ActiveCfg = Release|Any CPU
		{D0F96D7D-1BCF-4307-84BB-C7E5D9F37EF7}.Release|Any CPU.Build.0 = Release|Any CPU
	EndGlobalSection
	GlobalSection(SolutionProperties) = preSolution
		HideSolutionNode = FALSE
	EndGlobalSection
	GlobalSection(NestedProjects) = preSolution
		{47D85355-5A93-4628-838B-304C20AA7470} = {CDC9BEC9-D039-401E-9286-CEED50AE5804}
		{D0F96D7D-1BCF-4307-84BB-C7E5D9F37EF7} = {A154A998-8A1B-438B-9A71-EF0621DA33E1}
	EndGlobalSection
	GlobalSection(ExtensibilityGlobals) = postSolution
		SolutionGuid = {9D28D632-25D3-48EA-B5A0-C9917F103291}
	EndGlobalSection
EndGlobal
